
Microsoft Visual Studio Solution File, Format Version 12.00
# Visual Studio Version 16
VisualStudioVersion = 16.0.30413.136
MinimumVisualStudioVersion = 10.0.40219.1
Project("{FAE04EC0-301F-11D3-BF4B-00C04F79EFBC}") = "Notepad+", "Notepad+.csproj", "{3573B4CA-0F58-428E-8FF9-06E118F00EFF}"
EndProject
Global
	GlobalSection(SolutionConfigurationPlatforms) = preSolution
		Debug|Any CPU = Debug|Any CPU
		Release|Any CPU = Release|Any CPU
	EndGlobalSection
	GlobalSection(ProjectConfigurationPlatforms) = postSolution
		{3573B4CA-0F58-428E-8FF9-06E118F00EFF}.Debug|Any CPU.ActiveCfg = Debug|Any CPU
		{3573B4CA-0F58-428E-8FF9-06E118F00EFF}.Debug|Any CPU.Build.0 = Debug|Any CPU
		{3573B4CA-0F58-428E-8FF9-06E118F00EFF}.Release|Any CPU.ActiveCfg = Release|Any CPU
		{3573B4CA-0F58-428E-8FF9-06E118F00EFF}.Release|Any CPU.Build.0 = Release|Any CPU
	EndGlobalSection
	GlobalSection(SolutionProperties) = preSolution
		HideSolutionNode = FALSE
	EndGlobalSection
	GlobalSection(ExtensibilityGlobals) = postSolution
		SolutionGuid = {8AE501E7-A8BB-41A0-B191-29A00EB78FFC}
	EndGlobalSection
EndGlobal
